
Microsoft Visual Studio Solution File, Format Version 12.00
# Visual Studio Version 17
VisualStudioVersion = 17.6.33723.286
MinimumVisualStudioVersion = 10.0.40219.1
Project("{FAE04EC0-301F-11D3-BF4B-00C04F79EFBC}") = "WinForms_Oyun", "WinForms_Oyun\WinForms_Oyun.csproj", "{8DC15B48-7C41-4251-8677-4E26C7A7C555}"
EndProject
Global
	GlobalSection(SolutionConfigurationPlatforms) = preSolution
		Debug|Any CPU = Debug|Any CPU
		Release|Any CPU = Release|Any CPU
	EndGlobalSection
	GlobalSection(ProjectConfigurationPlatforms) = postSolution
		{8DC15B48-7C41-4251-8677-4E26C7A7C555}.Debug|Any CPU.ActiveCfg = Debug|Any CPU
		{8DC15B48-7C41-4251-8677-4E26C7A7C555}.Debug|Any CPU.Build.0 = Debug|Any CPU
		{8DC15B48-7C41-4251-8677-4E26C7A7C555}.Release|Any CPU.ActiveCfg = Release|Any CPU
		{8DC15B48-7C41-4251-8677-4E26C7A7C555}.Release|Any CPU.Build.0 = Release|Any CPU
	EndGlobalSection
	GlobalSection(SolutionProperties) = preSolution
		HideSolutionNode = FALSE
	EndGlobalSection
	GlobalSection(ExtensibilityGlobals) = postSolution
		SolutionGuid = {A5CE947D-EC1F-4A90-B41B-280D1B4A868A}
	EndGlobalSection
EndGlobal
